
Microsoft Visual Studio Solution File, Format Version 12.00
# Visual Studio Version 16
VisualStudioVersion = 16.0.29609.76
MinimumVisualStudioVersion = 10.0.40219.1
Project("{FAE04EC0-301F-11D3-BF4B-00C04F79EFBC}") = "CzAuth", "CzAuth\CzAuth.csproj", "{641427EB-791F-4F44-A35C-95147B2873AA}"
EndProject
Global
	GlobalSection(SolutionConfigurationPlatforms) = preSolution
		Debug|Any CPU = Debug|Any CPU
		Release|Any CPU = Release|Any CPU
	EndGlobalSection
	GlobalSection(ProjectConfigurationPlatforms) = postSolution
		{641427EB-791F-4F44-A35C-95147B2873AA}.Debug|Any CPU.ActiveCfg = Debug|Any CPU
		{641427EB-791F-4F44-A35C-95147B2873AA}.Debug|Any CPU.Build.0 = Debug|Any CPU
		{641427EB-791F-4F44-A35C-95147B2873AA}.Release|Any CPU.ActiveCfg = Release|Any CPU
		{641427EB-791F-4F44-A35C-95147B2873AA}.Release|Any CPU.Build.0 = Release|Any CPU
	EndGlobalSection
	GlobalSection(SolutionProperties) = preSolution
		HideSolutionNode = FALSE
	EndGlobalSection
	GlobalSection(ExtensibilityGlobals) = postSolution
		SolutionGuid = {A4F599BA-8B4C-463D-9019-2ACA8922ADF9}
	EndGlobalSection
EndGlobal
